<?xml version="1.0" encoding="utf-8"?>
<Project ToolsVersion="4.0" xmlns="http://schemas.microsoft.com/developer/msbuild/2003">
  <ItemGroup>
    <ClCompile Include="glslprogram.cpp">
      <Filter>Source</Filter>
    </ClCompile>
    <ClCompile Include="main.cpp">
      <Filter>Source</Filter>
    </ClCompile>
    <ClCompile Include="Window.cpp">
      <Filter>Source</Filter>
    </ClCompile>
    <ClCompile Include="Object.cpp">
      <Filter>Source</Filter>
    </ClCompile>
    <ClCompile Include="Cam.cpp">
      <Filter>Source</Filter>
    </ClCompile>
    <ClCompile Include="ilcontainer.cpp">
      <Filter>Source</Filter>
    </ClCompile>
    <ClCompile Include="Lights.cpp">
      <Filter>Source</Filter>
    </ClCompile>
    <ClCompile Include="Ribbon.cpp" />
  </ItemGroup>
  <ItemGroup>
    <Filter Include="Source">
      <UniqueIdentifier>{cddecc6c-3304-44ed-95d9-7be06a37c47c}</UniqueIdentifier>
    </Filter>
    <Filter Include="Header">
      <UniqueIdentifier>{a2b47929-bc5d-4a05-ae41-48860b0cb25b}</UniqueIdentifier>
    </Filter>
    <Filter Include="Shaders">
      <UniqueIdentifier>{c00ab1e4-b866-46b7-9917-190e45239556}</UniqueIdentifier>
    </Filter>
  </ItemGroup>
  <ItemGroup>
    <ClInclude Include="glslprogram.h">
      <Filter>Header</Filter>
    </ClInclude>
    <ClInclude Include="Window.h">
      <Filter>Header</Filter>
    </ClInclude>
    <ClInclude Include="Mesh.h">
      <Filter>Header</Filter>
    </ClInclude>
    <ClInclude Include="Object.h">
      <Filter>Header</Filter>
    </ClInclude>
    <ClInclude Include="Cam.h">
      <Filter>Header</Filter>
    </ClInclude>
    <ClInclude Include="ilcontainer.h">
      <Filter>Header</Filter>
    </ClInclude>
    <ClInclude Include="Lights.h">
      <Filter>Header</Filter>
    </ClInclude>
    <ClInclude Include="Ribbon.h" />
  </ItemGroup>
  <ItemGroup>
    <None Include="Shaders\solid.frag">
      <Filter>Shaders</Filter>
    </None>
    <None Include="Shaders\solid.vert">
      <Filter>Shaders</Filter>
    </None>
    <None Include="Shaders\Phong.frag">
      <Filter>Shaders</Filter>
    </None>
    <None Include="Shaders\Phong.vert">
      <Filter>Shaders</Filter>
    </None>
    <None Include="Shaders\Textured.frag">
      <Filter>Shaders</Filter>
    </None>
    <None Include="Shaders\Textured.vert">
      <Filter>Shaders</Filter>
    </None>
  </ItemGroup>
  <ItemGroup>
    <CudaCompile Include="Mesh.cu">
      <Filter>Source</Filter>
    </CudaCompile>
  </ItemGroup>
</Project>